
Microsoft Visual Studio Solution File, Format Version 12.00
# Visual Studio 15
VisualStudioVersion = 15.0.28010.2026
MinimumVisualStudioVersion = 10.0.40219.1
Project("{E24C65DC-7377-472B-9ABA-BC803B73C61A}") = "Matrimony", "Matrimony\", "{FC72E949-DA8B-4DAC-A9F0-9F3A525CA818}"
	ProjectSection(WebsiteProperties) = preProject
		TargetFrameworkMoniker = ".NETFramework,Version%3Dv4.6.1"
		Debug.AspNetCompiler.VirtualPath = "/localhost_53463"
		Debug.AspNetCompiler.PhysicalPath = "Matrimony\"
		Debug.AspNetCompiler.TargetPath = "PrecompiledWeb\localhost_53463\"
		Debug.AspNetCompiler.Updateable = "true"
		Debug.AspNetCompiler.ForceOverwrite = "true"
		Debug.AspNetCompiler.FixedNames = "false"
		Debug.AspNetCompiler.Debug = "True"
		Release.AspNetCompiler.VirtualPath = "/localhost_53463"
		Release.AspNetCompiler.PhysicalPath = "Matrimony\"
		Release.AspNetCompiler.TargetPath = "PrecompiledWeb\localhost_53463\"
		Release.AspNetCompiler.Updateable = "true"
		Release.AspNetCompiler.ForceOverwrite = "true"
		Release.AspNetCompiler.FixedNames = "false"
		Release.AspNetCompiler.Debug = "False"
		VWDPort = "53463"
		SlnRelativePath = "Matrimony\"
		DefaultWebSiteLanguage = "Visual C#"
	EndProjectSection
EndProject
Global
	GlobalSection(SolutionConfigurationPlatforms) = preSolution
		Debug|Any CPU = Debug|Any CPU
	EndGlobalSection
	GlobalSection(ProjectConfigurationPlatforms) = postSolution
		{FC72E949-DA8B-4DAC-A9F0-9F3A525CA818}.Debug|Any CPU.ActiveCfg = Debug|Any CPU
		{FC72E949-DA8B-4DAC-A9F0-9F3A525CA818}.Debug|Any CPU.Build.0 = Debug|Any CPU
	EndGlobalSection
	GlobalSection(SolutionProperties) = preSolution
		HideSolutionNode = FALSE
	EndGlobalSection
	GlobalSection(ExtensibilityGlobals) = postSolution
		SolutionGuid = {B537BB45-6571-4645-8DD0-B500F74104BA}
	EndGlobalSection
EndGlobal
